
Microsoft Visual Studio Solution File, Format Version 12.00
# Visual Studio 15
Project("{FAE04EC0-301F-11D3-BF4B-00C04F79EFBC}") = "Assembly-CSharp", "Assembly-CSharp.csproj", "{221513C9-78B2-055D-D798-A0FF836A30D2}"
EndProject
Global
	GlobalSection(SolutionConfigurationPlatforms) = preSolution
		Debug|Any CPU = Debug|Any CPU
		Release|Any CPU = Release|Any CPU
	EndGlobalSection
	GlobalSection(ProjectConfigurationPlatforms) = postSolution
		{221513C9-78B2-055D-D798-A0FF836A30D2}.Debug|Any CPU.ActiveCfg = Debug|Any CPU
		{221513C9-78B2-055D-D798-A0FF836A30D2}.Debug|Any CPU.Build.0 = Debug|Any CPU
		{221513C9-78B2-055D-D798-A0FF836A30D2}.Release|Any CPU.ActiveCfg = Release|Any CPU
		{221513C9-78B2-055D-D798-A0FF836A30D2}.Release|Any CPU.Build.0 = Release|Any CPU
	EndGlobalSection
	GlobalSection(SolutionProperties) = preSolution
		HideSolutionNode = FALSE
	EndGlobalSection
EndGlobal
